
Microsoft Visual Studio Solution File, Format Version 12.00
# Visual Studio Version 17
VisualStudioVersion = 17.0.31903.59
MinimumVisualStudioVersion = 10.0.40219.1
Project("{FAE04EC0-301F-11D3-BF4B-00C04F79EFBC}") = "I3IPC", ".\I3IPC\I3IPC.csproj", "{763BE699-91D9-405E-812F-09ED87FC0216}"
EndProject
Project("{FAE04EC0-301F-11D3-BF4B-00C04F79EFBC}") = "I3Client", ".\I3Client\I3Client.csproj", "{4450C8AC-CAB5-4BDB-81E7-F8178DED9B36}"
EndProject
Global
	GlobalSection(SolutionConfigurationPlatforms) = preSolution
		Debug|Any CPU = Debug|Any CPU
		Release|Any CPU = Release|Any CPU
	EndGlobalSection
	GlobalSection(SolutionProperties) = preSolution
		HideSolutionNode = FALSE
	EndGlobalSection
	GlobalSection(ProjectConfigurationPlatforms) = postSolution
		{763BE699-91D9-405E-812F-09ED87FC0216}.Debug|Any CPU.ActiveCfg = Debug|Any CPU
		{763BE699-91D9-405E-812F-09ED87FC0216}.Debug|Any CPU.Build.0 = Debug|Any CPU
		{763BE699-91D9-405E-812F-09ED87FC0216}.Release|Any CPU.ActiveCfg = Release|Any CPU
		{763BE699-91D9-405E-812F-09ED87FC0216}.Release|Any CPU.Build.0 = Release|Any CPU
		{4450C8AC-CAB5-4BDB-81E7-F8178DED9B36}.Debug|Any CPU.ActiveCfg = Debug|Any CPU
		{4450C8AC-CAB5-4BDB-81E7-F8178DED9B36}.Debug|Any CPU.Build.0 = Debug|Any CPU
		{4450C8AC-CAB5-4BDB-81E7-F8178DED9B36}.Release|Any CPU.ActiveCfg = Release|Any CPU
		{4450C8AC-CAB5-4BDB-81E7-F8178DED9B36}.Release|Any CPU.Build.0 = Release|Any CPU
	EndGlobalSection
EndGlobal
